
Microsoft Visual Studio Solution File, Format Version 12.00
# Visual Studio 2013
VisualStudioVersion = 12.0.21005.1
MinimumVisualStudioVersion = 10.0.40219.1
Project("{FAE04EC0-301F-11D3-BF4B-00C04F79EFBC}") = "SemVer", "SemVer\SemVer.csproj", "{C53A059F-23A2-4B1F-A2B3-B686E306FDC2}"
EndProject
Project("{FAE04EC0-301F-11D3-BF4B-00C04F79EFBC}") = "SemVer.Test", "SemVer.Test\SemVer.Test.csproj", "{8A8ACE15-9592-40AE-8C70-657D461FCC7C}"
EndProject
Global
	GlobalSection(SolutionConfigurationPlatforms) = preSolution
		Debug|Any CPU = Debug|Any CPU
		Release|Any CPU = Release|Any CPU
	EndGlobalSection
	GlobalSection(ProjectConfigurationPlatforms) = postSolution
		{C53A059F-23A2-4B1F-A2B3-B686E306FDC2}.Debug|Any CPU.ActiveCfg = Debug|Any CPU
		{C53A059F-23A2-4B1F-A2B3-B686E306FDC2}.Debug|Any CPU.Build.0 = Debug|Any CPU
		{C53A059F-23A2-4B1F-A2B3-B686E306FDC2}.Release|Any CPU.ActiveCfg = Release|Any CPU
		{C53A059F-23A2-4B1F-A2B3-B686E306FDC2}.Release|Any CPU.Build.0 = Release|Any CPU
		{8A8ACE15-9592-40AE-8C70-657D461FCC7C}.Debug|Any CPU.ActiveCfg = Debug|Any CPU
		{8A8ACE15-9592-40AE-8C70-657D461FCC7C}.Debug|Any CPU.Build.0 = Debug|Any CPU
		{8A8ACE15-9592-40AE-8C70-657D461FCC7C}.Release|Any CPU.ActiveCfg = Release|Any CPU
		{8A8ACE15-9592-40AE-8C70-657D461FCC7C}.Release|Any CPU.Build.0 = Release|Any CPU
	EndGlobalSection
	GlobalSection(SolutionProperties) = preSolution
		HideSolutionNode = FALSE
	EndGlobalSection
EndGlobal
